
Microsoft Visual Studio Solution File, Format Version 12.00
# Visual Studio Version 17
VisualStudioVersion = 17.13.35931.197
MinimumVisualStudioVersion = 10.0.40219.1
Project("{FAE04EC0-301F-11D3-BF4B-00C04F79EFBC}") = "Wilds.Probability.Parser.ConsoleHost", "src\Wilds.Probability.Parser.ConsoleHost\Wilds.Probability.Parser.ConsoleHost.csproj", "{C10A7BBD-4F55-7EB6-BD2D-2E74D4A3F249}"
EndProject
Project("{2150E333-8FDC-42A3-9474-1A3956D46DE8}") = "Solution Items", "Solution Items", "{8EC462FD-D22E-90A8-E5CE-7E832BA40C5D}"
	ProjectSection(SolutionItems) = preProject
		.gitignore = .gitignore
		README.md = README.md
	EndProjectSection
EndProject
Global
	GlobalSection(SolutionConfigurationPlatforms) = preSolution
		Debug|Any CPU = Debug|Any CPU
		Release|Any CPU = Release|Any CPU
	EndGlobalSection
	GlobalSection(ProjectConfigurationPlatforms) = postSolution
		{C10A7BBD-4F55-7EB6-BD2D-2E74D4A3F249}.Debug|Any CPU.ActiveCfg = Debug|Any CPU
		{C10A7BBD-4F55-7EB6-BD2D-2E74D4A3F249}.Debug|Any CPU.Build.0 = Debug|Any CPU
		{C10A7BBD-4F55-7EB6-BD2D-2E74D4A3F249}.Release|Any CPU.ActiveCfg = Release|Any CPU
		{C10A7BBD-4F55-7EB6-BD2D-2E74D4A3F249}.Release|Any CPU.Build.0 = Release|Any CPU
	EndGlobalSection
	GlobalSection(SolutionProperties) = preSolution
		HideSolutionNode = FALSE
	EndGlobalSection
	GlobalSection(ExtensibilityGlobals) = postSolution
		SolutionGuid = {1C908F87-B83F-45F5-9621-1DBC210423F1}
	EndGlobalSection
EndGlobal
